github.com/bits-and-blooms/bitset v1.14.2 h1:YXVoyPndbdvcEVcseEovVfp0qjJp7S+i5+xgp/Nfbdc=
github.com/bits-and-blooms/bitset v1.14.2/go.mod h1:7hO7Gc7Pp1vODcmWvKMRA9BNmbv6a/7QIWpPxHddWR8=
github.com/consensys/gnark-crypto v0.12.2-0.20240215234832-d72fcb379d3e h1:MKdOuCiy2DAX1tMp2YsmtNDaqdigpY6B5cZQDJ9BvEo=
github.com/consensys/gnark-crypto v0.12.2-0.20240215234832-d72fcb379d3e/go.mod h1:wKqwsieaKPThcFkHe0d0zMsbHEUWFmZcG7KBCse210o=
github.com/davecgh/go-spew v1.1.1 h1:vj9j/u1bqnvCEfJOwUhtlOARqs3+rkHYY13jYWTU97c=
github.com/davecgh/go-spew v1.1.1/go.mod h1:J7Y8YcW2NihsgmVo/mv3lAwl/skON4iLHjSsI+c5H38=
github.com/elliottech/poseidon_crypto v0.0.17 h1:oVfJXq93p3bCtaLnhPL1vniGPeLEWJuXbo9xhAFh1fk=
github.com/elliottech/poseidon_crypto v0.0.17/go.mod h1:/nFxH8V+3yk3eakI+Arlu5U8XwRXgydBvsiwfA/yYrg=
github.com/leanovate/gopter v0.2.9 h1:fQjYxZaynp97ozCzfOyOuAGOU4aU/z37zf/tOujFk7c=
github.com/leanovate/gopter v0.2.9/go.mod h1:U2L/78B+KVFIx2VmW6onHJQzXtFb+p5y3y2Sh+Jxxv8=
github.com/pmezard/go-difflib v1.0.0 h1:4DBwDE0NGyQoBHbLQYPwSUPoCMWR5BEzIk/f1lZbAQM=
github.com/pmezard/go-difflib v1.0.0/go.mod h1:iKH77koFhYxTK1pcRnkKkqfTogsbg7gZNVY4sRDYZ/4=
github.com/stretchr/testify v1.9.0 h1:HtqpIVDClZ4nwg75+f6Lvsy/wHu+3BoSGCbBAcpTsTg=
github.com/stretchr/testify v1.9.0/go.mod h1:r2ic/lqez/lEtzL7wO/rwa5dbSLXVDPFyf8C91i36aY=
gopkg.in/yaml.v3 v3.0.1 h1:fxVm/GzAzEWqLHuvctI91KS9hhNmmWOoWu0XTYJS7CA=
gopkg.in/yaml.v3 v3.0.1/go.mod h1:K4uyk7z7BCEPqu6E+C64Yfv1cQ7kz7rIZviUmN+EgEM=
